// !$*UTF8*$!
{
	archiveVersion = 1;
	classes = {
	};
	objectVersion = 50;
	objects = {

/* Begin PBXBuildFile section */
		4887DF8E99AB720D275DF2C1 /* Pods_Pokemon_Detailer.framework in Frameworks */ = {isa = PBXBuildFile; fileRef = A871D291D2F820D9D53E3ED8 /* Pods_Pokemon_Detailer.framework */; };
		830BCDF720ACA84F003FA1DD /* AppDelegate.swift in Sources */ = {isa = PBXBuildFile; fileRef = 830BCDF620ACA84F003FA1DD /* AppDelegate.swift */; };
		830BCDF920ACA84F003FA1DD /* ViewController.swift in Sources */ = {isa = PBXBuildFile; fileRef = 830BCDF820ACA84F003FA1DD /* ViewController.swift */; };
		830BCDFC20ACA84F003FA1DD /* Main.storyboard in Resources */ = {isa = PBXBuildFile; fileRef = 830BCDFA20ACA84F003FA1DD /* Main.storyboard */; };
		830BCDFE20ACA850003FA1DD /* Assets.xcassets in Resources */ = {isa = PBXBuildFile; fileRef = 830BCDFD20ACA850003FA1DD /* Assets.xcassets */; };
		830BCE0120ACA850003FA1DD /* LaunchScreen.storyboard in Resources */ = {isa = PBXBuildFile; fileRef = 830BCDFF20ACA850003FA1DD /* LaunchScreen.storyboard */; };
/* End PBXBuildFile section */

/* Begin PBXFileReference section */
		830BCDF320ACA84F003FA1DD /* Pokemon Detailer.app */ = {isa = PBXFileReference; explicitFileType = wrapper.application; includeInIndex = 0; path = "Pokemon Detailer.app"; sourceTree = BUILT_PRODUCTS_DIR; };
		830BCDF620ACA84F003FA1DD /* AppDelegate.swift */ = {isa = PBXFileReference; lastKnownFileType = sourcecode.swift; path = AppDelegate.swift; sourceTree = "<group>"; };
		830BCDF820ACA84F003FA1DD /* ViewController.swift */ = {isa = PBXFileReference; lastKnownFileType = sourcecode.swift; path = ViewController.swift; sourceTree = "<group>"; };
		830BCDFB20ACA84F003FA1DD /* Base */ = {isa = PBXFileReference; lastKnownFileType = file.storyboard; name = Base; path = Base.lproj/Main.storyboard; sourceTree = "<group>"; };
		830BCDFD20ACA850003FA1DD /* Assets.xcassets */ = {isa = PBXFileReference; lastKnownFileType = folder.assetcatalog; path = Assets.xcassets; sourceTree = "<group>"; };
		830BCE0020ACA850003FA1DD /* Base */ = {isa = PBXFileReference; lastKnownFileType = file.storyboard; name = Base; path = Base.lproj/LaunchScreen.storyboard; sourceTree = "<group>"; };
		830BCE0220ACA850003FA1DD /* Info.plist */ = {isa = PBXFileReference; lastKnownFileType = text.plist.xml; path = Info.plist; sourceTree = "<group>"; };
		A871D291D2F820D9D53E3ED8 /* Pods_Pokemon_Detailer.framework */ = {isa = PBXFileReference; explicitFileType = wrapper.framework; includeInIndex = 0; path = Pods_Pokemon_Detailer.framework; sourceTree = BUILT_PRODUCTS_DIR; };
		ADB098A7170BDA51A0C9BD0B /* Pods-Pokemon Detailer.release.xcconfig */ = {isa = PBXFileReference; includeInIndex = 1; lastKnownFileType = text.xcconfig; name = "Pods-Pokemon Detailer.release.xcconfig"; path = "Pods/Target Support Files/Pods-Pokemon Detailer/Pods-Pokemon Detailer.release.xcconfig"; sourceTree = "<group>"; };
		B7DEB3D2BA6FB29A69C14831 /* Pods-Pokemon Detailer.debug.xcconfig */ = {isa = PBXFileReference; includeInIndex = 1; lastKnownFileType = text.xcconfig; name = "Pods-Pokemon Detailer.debug.xcconfig"; path = "Pods/Target Support Files/Pods-Pokemon Detailer/Pods-Pokemon Detailer.debug.xcconfig"; sourceTree = "<group>"; };
/* End PBXFileReference section */

/* Begin PBXFrameworksBuildPhase section */
		830BCDF020ACA84F003FA1DD /* Frameworks */ = {
			isa = PBXFrameworksBuildPhase;
			buildActionMask = 2147483647;
			files = (
				4887DF8E99AB720D275DF2C1 /* Pods_Pokemon_Detailer.framework in Frameworks */,
			);
			runOnlyForDeploymentPostprocessing = 0;
		};
/* End PBXFrameworksBuildPhase section */

/* Begin PBXGroup section */
		2E1ABF991BCFC5B43B476AB6 /* Pods */ = {
			isa = PBXGroup;
			children = (
				B7DEB3D2BA6FB29A69C14831 /* Pods-Pokemon Detailer.debug.xcconfig */,
				ADB098A7170BDA51A0C9BD0B /* Pods-Pokemon Detailer.release.xcconfig */,
			);
			name = Pods;
			sourceTree = "<group>";
		};
		6DF55AB1C80155F5FFCC84B7 /* Frameworks */ = {
			isa = PBXGroup;
			children = (
				A871D291D2F820D9D53E3ED8 /* Pods_Pokemon_Detailer.framework */,
			);
			name = Frameworks;
			sourceTree = "<group>";
		};
		830BCDEA20ACA84F003FA1DD = {
			isa = PBXGroup;
			children = (
				830BCDF520ACA84F003FA1DD /* Pokemon Detailer */,
				830BCDF420ACA84F003FA1DD /* Products */,
				2E1ABF991BCFC5B43B476AB6 /* Pods */,
				6DF55AB1C80155F5FFCC84B7 /* Frameworks */,
			);
			sourceTree = "<group>";
		};
		830BCDF420ACA84F003FA1DD /* Products */ = {
			isa = PBXGroup;
			children = (
				830BCDF320ACA84F003FA1DD /* Pokemon Detailer.app */,
			);
			name = Products;
			sourceTree = "<group>";
		};
		830BCDF520ACA84F003FA1DD /* Pokemon Detailer */ = {
			isa = PBXGroup;
			children = (
				830BCDF620ACA84F003FA1DD /* AppDelegate.swift */,
				830BCDF820ACA84F003FA1DD /* ViewController.swift */,
				830BCDFA20ACA84F003FA1DD /* Main.storyboard */,
				830BCDFD20ACA850003FA1DD /* Assets.xcassets */,
				830BCDFF20ACA850003FA1DD /* LaunchScreen.storyboard */,
				830BCE0220ACA850003FA1DD /* Info.plist */,
			);
			path = "Pokemon Detailer";
			sourceTree = "<group>";
		};
/* End PBXGroup section */

/* Begin PBXNativeTarget section */
		830BCDF220ACA84F003FA1DD /* Pokemon Detailer */ = {
			isa = PBXNativeTarget;
			buildConfigurationList = 830BCE0520ACA850003FA1DD /* Build configuration list for PBXNativeTarget "Pokemon Detailer" */;
			buildPhases = (
				C955D3E6D0F393CBB964B9ED /* [CP] Check Pods Manifest.lock */,
				830BCDEF20ACA84F003FA1DD /* Sources */,
				830BCDF020ACA84F003FA1DD /* Frameworks */,
				830BCDF120ACA84F003FA1DD /* Resources */,
				AA7F019C1C50F440C219A5B0 /* [CP] Embed Pods Frameworks */,
			);
			buildRules = (
			);
			dependencies = (
			);
			name = "Pokemon Detailer";
			productName = "Pokemon Detailer";
			productReference = 830BCDF320ACA84F003FA1DD /* Pokemon Detailer.app */;
			productType = "com.apple.product-type.application";
		};
/* End PBXNativeTarget section */

/* Begin PBXProject section */
		830BCDEB20ACA84F003FA1DD /* Project object */ = {
			isa = PBXProject;
			attributes = {
				LastSwiftUpdateCheck = 0930;
				LastUpgradeCheck = 0930;
				ORGANIZATIONNAME = "RJ APPS";
				TargetAttributes = {
					830BCDF220ACA84F003FA1DD = {
						CreatedOnToolsVersion = 9.3;
					};
				};
			};
			buildConfigurationList = 830BCDEE20ACA84F003FA1DD /* Build configuration list for PBXProject "Pokemon Detailer" */;
			compatibilityVersion = "Xcode 9.3";
			developmentRegion = en;
			hasScannedForEncodings = 0;
			knownRegions = (
				en,
				Base,
			);
			mainGroup = 830BCDEA20ACA84F003FA1DD;
			productRefGroup = 830BCDF420ACA84F003FA1DD /* Products */;
			projectDirPath = "";
			projectRoot = "";
			targets = (
				830BCDF220ACA84F003FA1DD /* Pokemon Detailer */,
			);
		};
/* End PBXProject section */

/* Begin PBXResourcesBuildPhase section */
		830BCDF120ACA84F003FA1DD /* Resources */ = {
			isa = PBXResourcesBuildPhase;
			buildActionMask = 2147483647;
			files = (
				830BCE0120ACA850003FA1DD /* LaunchScreen.storyboard in Resources */,
				830BCDFE20ACA850003FA1DD /* Assets.xcassets in Resources */,
				830BCDFC20ACA84F003FA1DD /* Main.storyboard in Resources */,
			);
			runOnlyForDeploymentPostprocessing = 0;
		};
/* End PBXResourcesBuildPhase section */

/* Begin PBXShellScriptBuildPhase section */
		AA7F019C1C50F440C219A5B0 /* [CP] Embed Pods Frameworks */ = {
			isa = PBXShellScriptBuildPhase;
			buildActionMask = 2147483647;
			files = (
			);
			inputPaths = (
				"${SRCROOT}/Pods/Target Support Files/Pods-Pokemon Detailer/Pods-Pokemon Detailer-frameworks.sh",
				"${BUILT_PRODUCTS_DIR}/Alamofire/Alamofire.framework",
			);
			name = "[CP] Embed Pods Frameworks";
			outputPaths = (
				"${TARGET_BUILD_DIR}/${FRAMEWORKS_FOLDER_PATH}/Alamofire.framework",
			);
			runOnlyForDeploymentPostprocessing = 0;
			shellPath = /bin/sh;
			shellScript = "\"${SRCROOT}/Pods/Target Support Files/Pods-Pokemon Detailer/Pods-Pokemon Detailer-frameworks.sh\"\n";
			showEnvVarsInLog = 0;
		};
		C955D3E6D0F393CBB964B9ED /* [CP] Check Pods Manifest.lock */ = {
			isa = PBXShellScriptBuildPhase;
			buildActionMask = 2147483647;
			files = (
			);
			inputPaths = (
				"${PODS_PODFILE_DIR_PATH}/Podfile.lock",
				"${PODS_ROOT}/Manifest.lock",
			);
			name = "[CP] Check Pods Manifest.lock";
			outputPaths = (
				"$(DERIVED_FILE_DIR)/Pods-Pokemon Detailer-checkManifestLockResult.txt",
			);
			runOnlyForDeploymentPostprocessing = 0;
			shellPath = /bin/sh;
			shellScript = "diff \"${PODS_PODFILE_DIR_PATH}/Podfile.lock\" \"${PODS_ROOT}/Manifest.lock\" > /dev/null\nif [ $? != 0 ] ; then\n    # print error to STDERR\n    echo \"error: The sandbox is not in sync with the Podfile.lock. Run 'pod install' or update your CocoaPods installation.\" >&2\n    exit 1\nfi\n# This output is used by Xcode 'outputs' to avoid re-running this script phase.\necho \"SUCCESS\" > \"${SCRIPT_OUTPUT_FILE_0}\"\n";
			showEnvVarsInLog = 0;
		};
/* End PBXShellScriptBuildPhase section */

/* Begin PBXSourcesBuildPhase section */
		830BCDEF20ACA84F003FA1DD /* Sources */ = {
			isa = PBXSourcesBuildPhase;
			buildActionMask = 2147483647;
			files = (
				830BCDF920ACA84F003FA1DD /* ViewController.swift in Sources */,
				830BCDF720ACA84F003FA1DD /* AppDelegate.swift in Sources */,
			);
			runOnlyForDeploymentPostprocessing = 0;
		};
/* End PBXSourcesBuildPhase section */

/* Begin PBXVariantGroup section */
		830BCDFA20ACA84F003FA1DD /* Main.storyboard */ = {
			isa = PBXVariantGroup;
			children = (
				830BCDFB20ACA84F003FA1DD /* Base */,
			);
			name = Main.storyboard;
			sourceTree = "<group>";
		};
		830BCDFF20ACA850003FA1DD /* LaunchScreen.storyboard */ = {
			isa = PBXVariantGroup;
			children = (
				830BCE0020ACA850003FA1DD /* Base */,
			);
			name = LaunchScreen.storyboard;
			sourceTree = "<group>";
		};
/* End PBXVariantGroup section */

/* Begin XCBuildConfiguration section */
		830BCE0320ACA850003FA1DD /* Debug */ = {
			isa = XCBuildConfiguration;
			buildSettings = {
				ALWAYS_SEARCH_USER_PATHS = NO;
				CLANG_ANALYZER_NONNULL = YES;
				CLANG_ANALYZER_NUMBER_OBJECT_CONVERSION = YES_AGGRESSIVE;
				CLANG_CXX_LANGUAGE_STANDARD = "gnu++14";
				CLANG_CXX_LIBRARY = "libc++";
				CLANG_ENABLE_MODULES = YES;
				CLANG_ENABLE_OBJC_ARC = YES;
				CLANG_ENABLE_OBJC_WEAK = YES;
				CLANG_WARN_BLOCK_CAPTURE_AUTORELEASING = YES;
				CLANG_WARN_BOOL_CONVERSION = YES;
				CLANG_WARN_COMMA = YES;
				CLANG_WARN_CONSTANT_CONVERSION = YES;
				CLANG_WARN_DEPRECATED_OBJC_IMPLEMENTATIONS = YES;
				CLANG_WARN_DIRECT_OBJC_ISA_USAGE = YES_ERROR;
				CLANG_WARN_DOCUMENTATION_COMMENTS = YES;
				CLANG_WARN_EMPTY_BODY = YES;
				CLANG_WARN_ENUM_CONVERSION = YES;
				CLANG_WARN_INFINITE_RECURSION = YES;
				CLANG_WARN_INT_CONVERSION = YES;
				CLANG_WARN_NON_LITERAL_NULL_CONVERSION = YES;
				CLANG_WARN_OBJC_IMPLICIT_RETAIN_SELF = YES;
				CLANG_WARN_OBJC_LITERAL_CONVERSION = YES;
				CLANG_WARN_OBJC_ROOT_CLASS = YES_ERROR;
				CLANG_WARN_RANGE_LOOP_ANALYSIS = YES;
				CLANG_WARN_STRICT_PROTOTYPES = YES;
				CLANG_WARN_SUSPICIOUS_MOVE = YES;
				CLANG_WARN_UNGUARDED_AVAILABILITY = YES_AGGRESSIVE;
				CLANG_WARN_UNREACHABLE_CODE = YES;
				CLANG_WARN__DUPLICATE_METHOD_MATCH = YES;
				CODE_SIGN_IDENTITY = "iPhone Developer";
				COPY_PHASE_STRIP = NO;
				DEBUG_INFORMATION_FORMAT = dwarf;
				ENABLE_STRICT_OBJC_MSGSEND = YES;
				ENABLE_TESTABILITY = YES;
				GCC_C_LANGUAGE_STANDARD = gnu11;
				GCC_DYNAMIC_NO_PIC = NO;
				GCC_NO_COMMON_BLOCKS = YES;
				GCC_OPTIMIZATION_LEVEL = 0;
				GCC_PREPROCESSOR_DEFINITIONS = (
					"DEBUG=1",
					"$(inherited)",
				);
				GCC_WARN_64_TO_32_BIT_CONVERSION = YES;
				GCC_WARN_ABOUT_RETURN_TYPE = YES_ERROR;
				GCC_WARN_UNDECLARED_SELECTOR = YES;
				GCC_WARN_UNINITIALIZED_AUTOS = YES_AGGRESSIVE;
				GCC_WARN_UNUSED_FUNCTION = YES;
				GCC_WARN_UNUSED_VARIABLE = YES;
				IPHONEOS_DEPLOYMENT_TARGET = 11.3;
				MTL_ENABLE_DEBUG_INFO = YES;
				ONLY_ACTIVE_ARCH = YES;
				SDKROOT = iphoneos;
				SWIFT_ACTIVE_COMPILATION_CONDITIONS = DEBUG;
				SWIFT_OPTIMIZATION_LEVEL = "-Onone";
			};
			name = Debug;
		};
		830BCE0420ACA850003FA1DD /* Release */ = {
			isa = XCBuildConfiguration;
			buildSettings = {
				ALWAYS_SEARCH_USER_PATHS = NO;
				CLANG_ANALYZER_NONNULL = YES;
				CLANG_ANALYZER_NUMBER_OBJECT_CONVERSION = YES_AGGRESSIVE;
				CLANG_CXX_LANGUAGE_STANDARD = "gnu++14";
				CLANG_CXX_LIBRARY = "libc++";
				CLANG_ENABLE_MODULES = YES;
				CLANG_ENABLE_OBJC_ARC = YES;
				CLANG_ENABLE_OBJC_WEAK = YES;
				CLANG_WARN_BLOCK_CAPTURE_AUTORELEASING = YES;
				CLANG_WARN_BOOL_CONVERSION = YES;
				CLANG_WARN_COMMA = YES;
				CLANG_WARN_CONSTANT_CONVERSION = YES;
				CLANG_WARN_DEPRECATED_OBJC_IMPLEMENTATIONS = YES;
				CLANG_WARN_DIRECT_OBJC_ISA_USAGE = YES_ERROR;
				CLANG_WARN_DOCUMENTATION_COMMENTS = YES;
				CLANG_WARN_EMPTY_BODY = YES;
				CLANG_WARN_ENUM_CONVERSION = YES;
				CLANG_WARN_INFINITE_RECURSION = YES;
				CLANG_WARN_INT_CONVERSION = YES;
				CLANG_WARN_NON_LITERAL_NULL_CONVERSION = YES;
				CLANG_WARN_OBJC_IMPLICIT_RETAIN_SELF = YES;
				CLANG_WARN_OBJC_LITERAL_CONVERSION = YES;
				CLANG_WARN_OBJC_ROOT_CLASS = YES_ERROR;
				CLANG_WARN_RANGE_LOOP_ANALYSIS = YES;
				CLANG_WARN_STRICT_PROTOTYPES = YES;
				CLANG_WARN_SUSPICIOUS_MOVE = YES;
				CLANG_WARN_UNGUARDED_AVAILABILITY = YES_AGGRESSIVE;
				CLANG_WARN_UNREACHABLE_CODE = YES;
				CLANG_WARN__DUPLICATE_METHOD_MATCH = YES;
				CODE_SIGN_IDENTITY = "iPhone Developer";
				COPY_PHASE_STRIP = NO;
				DEBUG_INFORMATION_FORMAT = "dwarf-with-dsym";
				ENABLE_NS_ASSERTIONS = NO;
				ENABLE_STRICT_OBJC_MSGSEND = YES;
				GCC_C_LANGUAGE_STANDARD = gnu11;
				GCC_NO_COMMON_BLOCKS = YES;
				GCC_WARN_64_TO_32_BIT_CONVERSION = YES;
				GCC_WARN_ABOUT_RETURN_TYPE = YES_ERROR;
				GCC_WARN_UNDECLARED_SELECTOR = YES;
				GCC_WARN_UNINITIALIZED_AUTOS = YES_AGGRESSIVE;
				GCC_WARN_UNUSED_FUNCTION = YES;
				GCC_WARN_UNUSED_VARIABLE = YES;
				IPHONEOS_DEPLOYMENT_TARGET = 11.3;
				MTL_ENABLE_DEBUG_INFO = NO;
				SDKROOT = iphoneos;
				SWIFT_COMPILATION_MODE = wholemodule;
				SWIFT_OPTIMIZATION_LEVEL = "-O";
				VALIDATE_PRODUCT = YES;
			};
			name = Release;
		};
		830BCE0620ACA850003FA1DD /* Debug */ = {
			isa = XCBuildConfiguration;
			baseConfigurationReference = B7DEB3D2BA6FB29A69C14831 /* Pods-Pokemon Detailer.debug.xcconfig */;
			buildSettings = {
				ASSETCATALOG_COMPILER_APPICON_NAME = AppIcon;
				CODE_SIGN_STYLE = Automatic;
				DEVELOPMENT_TEAM = 6DGSZNEYU5;
				INFOPLIST_FILE = "Pokemon Detailer/Info.plist";
				IPHONEOS_DEPLOYMENT_TARGET = 11.0;
				LD_RUNPATH_SEARCH_PATHS = (
					"$(inherited)",
					"@executable_path/Frameworks",
				);
				PRODUCT_BUNDLE_IDENTIFIER = "com.rehanjaved.Pokemon-Detailer";
				PRODUCT_NAME = "$(TARGET_NAME)";
				SWIFT_VERSION = 4.0;
				TARGETED_DEVICE_FAMILY = "1,2";
			};
			name = Debug;
		};
		830BCE0720ACA850003FA1DD /* Release */ = {
			isa = XCBuildConfiguration;
			baseConfigurationReference = ADB098A7170BDA51A0C9BD0B /* Pods-Pokemon Detailer.release.xcconfig */;
			buildSettings = {
				ASSETCATALOG_COMPILER_APPICON_NAME = AppIcon;
				CODE_SIGN_STYLE = Automatic;
				DEVELOPMENT_TEAM = 6DGSZNEYU5;
				INFOPLIST_FILE = "Pokemon Detailer/Info.plist";
				IPHONEOS_DEPLOYMENT_TARGET = 11.0;
				LD_RUNPATH_SEARCH_PATHS = (
					"$(inherited)",
					"@executable_path/Frameworks",
				);
				PRODUCT_BUNDLE_IDENTIFIER = "com.rehanjaved.Pokemon-Detailer";
				PRODUCT_NAME = "$(TARGET_NAME)";
				SWIFT_VERSION = 4.0;
				TARGETED_DEVICE_FAMILY = "1,2";
			};
			name = Release;
		};
/* End XCBuildConfiguration section */

/* Begin XCConfigurationList section */
		830BCDEE20ACA84F003FA1DD /* Build configuration list for PBXProject "Pokemon Detailer" */ = {
			isa = XCConfigurationList;
			buildConfigurations = (
				830BCE0320ACA850003FA1DD /* Debug */,
				830BCE0420ACA850003FA1DD /* Release */,
			);
			defaultConfigurationIsVisible = 0;
			defaultConfigurationName = Release;
		};
		830BCE0520ACA850003FA1DD /* Build configuration list for PBXNativeTarget "Pokemon Detailer" */ = {
			isa = XCConfigurationList;
			buildConfigurations = (
				830BCE0620ACA850003FA1DD /* Debug */,
				830BCE0720ACA850003FA1DD /* Release */,
			);
			defaultConfigurationIsVisible = 0;
			defaultConfigurationName = Release;
		};
/* End XCConfigurationList section */
	};
	rootObject = 830BCDEB20ACA84F003FA1DD /* Project object */;
}
